
Microsoft Visual Studio Solution File, Format Version 12.00
# Visual Studio Version 17
VisualStudioVersion = 17.1.32210.238
MinimumVisualStudioVersion = 10.0.40219.1
Project("{FAE04EC0-301F-11D3-BF4B-00C04F79EFBC}") = "IR.Android", "IR\IR.Android\IR.Android.csproj", "{0EE166E1-9ECD-4D4E-9E43-0923C5C398C3}"
EndProject
Project("{FAE04EC0-301F-11D3-BF4B-00C04F79EFBC}") = "IR", "IR\IR\IR.csproj", "{43C6955B-9D1C-4A5B-9484-3CC01ED95F5E}"
EndProject
Global
	GlobalSection(SolutionConfigurationPlatforms) = preSolution
		Debug|Any CPU = Debug|Any CPU
		Release|Any CPU = Release|Any CPU
	EndGlobalSection
	GlobalSection(ProjectConfigurationPlatforms) = postSolution
		{0EE166E1-9ECD-4D4E-9E43-0923C5C398C3}.Debug|Any CPU.ActiveCfg = Debug|Any CPU
		{0EE166E1-9ECD-4D4E-9E43-0923C5C398C3}.Debug|Any CPU.Build.0 = Debug|Any CPU
		{0EE166E1-9ECD-4D4E-9E43-0923C5C398C3}.Debug|Any CPU.Deploy.0 = Debug|Any CPU
		{0EE166E1-9ECD-4D4E-9E43-0923C5C398C3}.Release|Any CPU.ActiveCfg = Release|Any CPU
		{0EE166E1-9ECD-4D4E-9E43-0923C5C398C3}.Release|Any CPU.Build.0 = Release|Any CPU
		{0EE166E1-9ECD-4D4E-9E43-0923C5C398C3}.Release|Any CPU.Deploy.0 = Release|Any CPU
		{43C6955B-9D1C-4A5B-9484-3CC01ED95F5E}.Debug|Any CPU.ActiveCfg = Debug|Any CPU
		{43C6955B-9D1C-4A5B-9484-3CC01ED95F5E}.Debug|Any CPU.Build.0 = Debug|Any CPU
		{43C6955B-9D1C-4A5B-9484-3CC01ED95F5E}.Debug|Any CPU.Deploy.0 = Debug|Any CPU
		{43C6955B-9D1C-4A5B-9484-3CC01ED95F5E}.Release|Any CPU.ActiveCfg = Release|Any CPU
		{43C6955B-9D1C-4A5B-9484-3CC01ED95F5E}.Release|Any CPU.Build.0 = Release|Any CPU
		{43C6955B-9D1C-4A5B-9484-3CC01ED95F5E}.Release|Any CPU.Deploy.0 = Release|Any CPU
	EndGlobalSection
	GlobalSection(SolutionProperties) = preSolution
		HideSolutionNode = FALSE
	EndGlobalSection
	GlobalSection(ExtensibilityGlobals) = postSolution
		SolutionGuid = {52843F44-B53B-4114-8671-2E04BC4B959B}
	EndGlobalSection
EndGlobal
